
Microsoft Visual Studio Solution File, Format Version 12.00
# Visual Studio Version 17
VisualStudioVersion = 17.9.34902.65
MinimumVisualStudioVersion = 10.0.40219.1
Project("{FAE04EC0-301F-11D3-BF4B-00C04F79EFBC}") = "FizzBuzz", "FizzBuzz\FizzBuzz.csproj", "{B77E7E5F-A0E2-4BA4-9193-B2B516FC51B8}"
EndProject
Project("{FAE04EC0-301F-11D3-BF4B-00C04F79EFBC}") = "FizzBuzz.Tests", "FizzBuzz.Tests\FizzBuzz.Tests.csproj", "{3E0066A5-403B-42AD-9E70-4D2D2FE1FAD8}"
EndProject
Global
	GlobalSection(SolutionConfigurationPlatforms) = preSolution
		Debug|Any CPU = Debug|Any CPU
		Release|Any CPU = Release|Any CPU
	EndGlobalSection
	GlobalSection(ProjectConfigurationPlatforms) = postSolution
		{B77E7E5F-A0E2-4BA4-9193-B2B516FC51B8}.Debug|Any CPU.ActiveCfg = Debug|Any CPU
		{B77E7E5F-A0E2-4BA4-9193-B2B516FC51B8}.Debug|Any CPU.Build.0 = Debug|Any CPU
		{B77E7E5F-A0E2-4BA4-9193-B2B516FC51B8}.Release|Any CPU.ActiveCfg = Release|Any CPU
		{B77E7E5F-A0E2-4BA4-9193-B2B516FC51B8}.Release|Any CPU.Build.0 = Release|Any CPU
		{3E0066A5-403B-42AD-9E70-4D2D2FE1FAD8}.Debug|Any CPU.ActiveCfg = Debug|Any CPU
		{3E0066A5-403B-42AD-9E70-4D2D2FE1FAD8}.Debug|Any CPU.Build.0 = Debug|Any CPU
		{3E0066A5-403B-42AD-9E70-4D2D2FE1FAD8}.Release|Any CPU.ActiveCfg = Release|Any CPU
		{3E0066A5-403B-42AD-9E70-4D2D2FE1FAD8}.Release|Any CPU.Build.0 = Release|Any CPU
	EndGlobalSection
	GlobalSection(SolutionProperties) = preSolution
		HideSolutionNode = FALSE
	EndGlobalSection
	GlobalSection(ExtensibilityGlobals) = postSolution
		SolutionGuid = {DACF446C-6D22-45B0-B98F-F6BAAE81D9E4}
	EndGlobalSection
EndGlobal
